
Microsoft Visual Studio Solution File, Format Version 12.00
# Visual Studio Version 17
VisualStudioVersion = 17.3.32922.545
MinimumVisualStudioVersion = 10.0.40219.1
Project("{FAE04EC0-301F-11D3-BF4B-00C04F79EFBC}") = "WebApplicationRS", "WebApplicationRS\WebApplicationRS.csproj", "{A649595C-CA03-44E6-8B63-554BCEF9FDF6}"
EndProject
Global
	GlobalSection(SolutionConfigurationPlatforms) = preSolution
		Debug|Any CPU = Debug|Any CPU
		Release|Any CPU = Release|Any CPU
	EndGlobalSection
	GlobalSection(ProjectConfigurationPlatforms) = postSolution
		{A649595C-CA03-44E6-8B63-554BCEF9FDF6}.Debug|Any CPU.ActiveCfg = Debug|Any CPU
		{A649595C-CA03-44E6-8B63-554BCEF9FDF6}.Debug|Any CPU.Build.0 = Debug|Any CPU
		{A649595C-CA03-44E6-8B63-554BCEF9FDF6}.Release|Any CPU.ActiveCfg = Release|Any CPU
		{A649595C-CA03-44E6-8B63-554BCEF9FDF6}.Release|Any CPU.Build.0 = Release|Any CPU
	EndGlobalSection
	GlobalSection(SolutionProperties) = preSolution
		HideSolutionNode = FALSE
	EndGlobalSection
	GlobalSection(ExtensibilityGlobals) = postSolution
		SolutionGuid = {330B4511-1870-4CDE-8553-6AE7A7018375}
	EndGlobalSection
EndGlobal
